// !$*UTF8*$!
{
	archiveVersion = 1;
	classes = {
	};
	objectVersion = 46;
	objects = {

/* Begin PBXBuildFile section */
		163BB1F61C61539D00CB38D6 /* AppDelegate.swift in Sources */ = {isa = PBXBuildFile; fileRef = 163BB1F51C61539D00CB38D6 /* AppDelegate.swift */; };
		163BB1F81C61539D00CB38D6 /* ViewController.swift in Sources */ = {isa = PBXBuildFile; fileRef = 163BB1F71C61539D00CB38D6 /* ViewController.swift */; };
		163BB1FB1C61539D00CB38D6 /* Main.storyboard in Resources */ = {isa = PBXBuildFile; fileRef = 163BB1F91C61539D00CB38D6 /* Main.storyboard */; };
		163BB1FD1C61539D00CB38D6 /* Assets.xcassets in Resources */ = {isa = PBXBuildFile; fileRef = 163BB1FC1C61539D00CB38D6 /* Assets.xcassets */; };
		163BB2001C61539D00CB38D6 /* LaunchScreen.storyboard in Resources */ = {isa = PBXBuildFile; fileRef = 163BB1FE1C61539D00CB38D6 /* LaunchScreen.storyboard */; };
		16D05C2D1C6155EB00969AEE /* TwitterClient.swift in Sources */ = {isa = PBXBuildFile; fileRef = 16D05C2C1C6155EB00969AEE /* TwitterClient.swift */; };
		16D7D92D1C61816500C98496 /* User.swift in Sources */ = {isa = PBXBuildFile; fileRef = 16D7D92C1C61816500C98496 /* User.swift */; };
		16D7D92F1C61817100C98496 /* Tweet.swift in Sources */ = {isa = PBXBuildFile; fileRef = 16D7D92E1C61817100C98496 /* Tweet.swift */; };
		D57393923EDD06E00F8E59A6 /* Pods_Tweet_Auth.framework in Frameworks */ = {isa = PBXBuildFile; fileRef = 87A430116F71FFF5E332E6A1 /* Pods_Tweet_Auth.framework */; };
/* End PBXBuildFile section */

/* Begin PBXFileReference section */
		163BB1F21C61539D00CB38D6 /* Tweet-Auth.app */ = {isa = PBXFileReference; explicitFileType = wrapper.application; includeInIndex = 0; path = "Tweet-Auth.app"; sourceTree = BUILT_PRODUCTS_DIR; };
		163BB1F51C61539D00CB38D6 /* AppDelegate.swift */ = {isa = PBXFileReference; lastKnownFileType = sourcecode.swift; path = AppDelegate.swift; sourceTree = "<group>"; };
		163BB1F71C61539D00CB38D6 /* ViewController.swift */ = {isa = PBXFileReference; lastKnownFileType = sourcecode.swift; path = ViewController.swift; sourceTree = "<group>"; };
		163BB1FA1C61539D00CB38D6 /* Base */ = {isa = PBXFileReference; lastKnownFileType = file.storyboard; name = Base; path = Base.lproj/Main.storyboard; sourceTree = "<group>"; };
		163BB1FC1C61539D00CB38D6 /* Assets.xcassets */ = {isa = PBXFileReference; lastKnownFileType = folder.assetcatalog; path = Assets.xcassets; sourceTree = "<group>"; };
		163BB1FF1C61539D00CB38D6 /* Base */ = {isa = PBXFileReference; lastKnownFileType = file.storyboard; name = Base; path = Base.lproj/LaunchScreen.storyboard; sourceTree = "<group>"; };
		163BB2011C61539D00CB38D6 /* Info.plist */ = {isa = PBXFileReference; lastKnownFileType = text.plist.xml; path = Info.plist; sourceTree = "<group>"; };
		16D05C2C1C6155EB00969AEE /* TwitterClient.swift */ = {isa = PBXFileReference; fileEncoding = 4; lastKnownFileType = sourcecode.swift; path = TwitterClient.swift; sourceTree = "<group>"; };
		16D7D92C1C61816500C98496 /* User.swift */ = {isa = PBXFileReference; fileEncoding = 4; lastKnownFileType = sourcecode.swift; path = User.swift; sourceTree = "<group>"; };
		16D7D92E1C61817100C98496 /* Tweet.swift */ = {isa = PBXFileReference; fileEncoding = 4; lastKnownFileType = sourcecode.swift; path = Tweet.swift; sourceTree = "<group>"; };
		87A430116F71FFF5E332E6A1 /* Pods_Tweet_Auth.framework */ = {isa = PBXFileReference; explicitFileType = wrapper.framework; includeInIndex = 0; path = Pods_Tweet_Auth.framework; sourceTree = BUILT_PRODUCTS_DIR; };
		C47F843BE6E66E000775F56E /* Pods-Tweet-Auth.debug.xcconfig */ = {isa = PBXFileReference; includeInIndex = 1; lastKnownFileType = text.xcconfig; name = "Pods-Tweet-Auth.debug.xcconfig"; path = "Pods/Target Support Files/Pods-Tweet-Auth/Pods-Tweet-Auth.debug.xcconfig"; sourceTree = "<group>"; };
		E2ECBB6B6510AAC8A7197AD9 /* Pods-Tweet-Auth.release.xcconfig */ = {isa = PBXFileReference; includeInIndex = 1; lastKnownFileType = text.xcconfig; name = "Pods-Tweet-Auth.release.xcconfig"; path = "Pods/Target Support Files/Pods-Tweet-Auth/Pods-Tweet-Auth.release.xcconfig"; sourceTree = "<group>"; };
/* End PBXFileReference section */

/* Begin PBXFrameworksBuildPhase section */
		163BB1EF1C61539D00CB38D6 /* Frameworks */ = {
			isa = PBXFrameworksBuildPhase;
			buildActionMask = 2147483647;
			files = (
				D57393923EDD06E00F8E59A6 /* Pods_Tweet_Auth.framework in Frameworks */,
			);
			runOnlyForDeploymentPostprocessing = 0;
		};
/* End PBXFrameworksBuildPhase section */

/* Begin PBXGroup section */
		163BB1E91C61539D00CB38D6 = {
			isa = PBXGroup;
			children = (
				163BB1F41C61539D00CB38D6 /* Tweet-Auth */,
				163BB1F31C61539D00CB38D6 /* Products */,
				8D49260EF0927189E4D492F3 /* Pods */,
				F909564950EE493A31EA2AED /* Frameworks */,
			);
			sourceTree = "<group>";
		};
		163BB1F31C61539D00CB38D6 /* Products */ = {
			isa = PBXGroup;
			children = (
				163BB1F21C61539D00CB38D6 /* Tweet-Auth.app */,
			);
			name = Products;
			sourceTree = "<group>";
		};
		163BB1F41C61539D00CB38D6 /* Tweet-Auth */ = {
			isa = PBXGroup;
			children = (
				16D7D92B1C61815400C98496 /* Models */,
				16D05C2B1C61557E00969AEE /* API */,
				163BB1F51C61539D00CB38D6 /* AppDelegate.swift */,
				163BB1F71C61539D00CB38D6 /* ViewController.swift */,
				163BB1F91C61539D00CB38D6 /* Main.storyboard */,
				163BB1FC1C61539D00CB38D6 /* Assets.xcassets */,
				163BB1FE1C61539D00CB38D6 /* LaunchScreen.storyboard */,
				163BB2011C61539D00CB38D6 /* Info.plist */,
			);
			path = "Tweet-Auth";
			sourceTree = "<group>";
		};
		16D05C2B1C61557E00969AEE /* API */ = {
			isa = PBXGroup;
			children = (
				16D05C2C1C6155EB00969AEE /* TwitterClient.swift */,
			);
			name = API;
			sourceTree = "<group>";
		};
		16D7D92B1C61815400C98496 /* Models */ = {
			isa = PBXGroup;
			children = (
				16D7D92C1C61816500C98496 /* User.swift */,
				16D7D92E1C61817100C98496 /* Tweet.swift */,
			);
			name = Models;
			sourceTree = "<group>";
		};
		8D49260EF0927189E4D492F3 /* Pods */ = {
			isa = PBXGroup;
			children = (
				C47F843BE6E66E000775F56E /* Pods-Tweet-Auth.debug.xcconfig */,
				E2ECBB6B6510AAC8A7197AD9 /* Pods-Tweet-Auth.release.xcconfig */,
			);
			name = Pods;
			sourceTree = "<group>";
		};
		F909564950EE493A31EA2AED /* Frameworks */ = {
			isa = PBXGroup;
			children = (
				87A430116F71FFF5E332E6A1 /* Pods_Tweet_Auth.framework */,
			);
			name = Frameworks;
			sourceTree = "<group>";
		};
/* End PBXGroup section */

/* Begin PBXNativeTarget section */
		163BB1F11C61539D00CB38D6 /* Tweet-Auth */ = {
			isa = PBXNativeTarget;
			buildConfigurationList = 163BB2041C61539D00CB38D6 /* Build configuration list for PBXNativeTarget "Tweet-Auth" */;
			buildPhases = (
				595597320CF9338D35FB4F13 /* Check Pods Manifest.lock */,
				163BB1EE1C61539D00CB38D6 /* Sources */,
				163BB1EF1C61539D00CB38D6 /* Frameworks */,
				163BB1F01C61539D00CB38D6 /* Resources */,
				557A546F295F826B1D967E56 /* Embed Pods Frameworks */,
				0ACDC8F9E2D60069EC249E96 /* Copy Pods Resources */,
			);
			buildRules = (
			);
			dependencies = (
			);
			name = "Tweet-Auth";
			productName = "Tweet-Auth";
			productReference = 163BB1F21C61539D00CB38D6 /* Tweet-Auth.app */;
			productType = "com.apple.product-type.application";
		};
/* End PBXNativeTarget section */

/* Begin PBXProject section */
		163BB1EA1C61539D00CB38D6 /* Project object */ = {
			isa = PBXProject;
			attributes = {
				LastSwiftUpdateCheck = 0720;
				LastUpgradeCheck = 0720;
				ORGANIZATIONNAME = "Takashi Wickes";
				TargetAttributes = {
					163BB1F11C61539D00CB38D6 = {
						CreatedOnToolsVersion = 7.2;
						DevelopmentTeam = 2K89K4HSF6;
					};
				};
			};
			buildConfigurationList = 163BB1ED1C61539D00CB38D6 /* Build configuration list for PBXProject "Tweet-Auth" */;
			compatibilityVersion = "Xcode 3.2";
			developmentRegion = English;
			hasScannedForEncodings = 0;
			knownRegions = (
				en,
				Base,
			);
			mainGroup = 163BB1E91C61539D00CB38D6;
			productRefGroup = 163BB1F31C61539D00CB38D6 /* Products */;
			projectDirPath = "";
			projectRoot = "";
			targets = (
				163BB1F11C61539D00CB38D6 /* Tweet-Auth */,
			);
		};
/* End PBXProject section */

/* Begin PBXResourcesBuildPhase section */
		163BB1F01C61539D00CB38D6 /* Resources */ = {
			isa = PBXResourcesBuildPhase;
			buildActionMask = 2147483647;
			files = (
				163BB2001C61539D00CB38D6 /* LaunchScreen.storyboard in Resources */,
				163BB1FD1C61539D00CB38D6 /* Assets.xcassets in Resources */,
				163BB1FB1C61539D00CB38D6 /* Main.storyboard in Resources */,
			);
			runOnlyForDeploymentPostprocessing = 0;
		};
/* End PBXResourcesBuildPhase section */

/* Begin PBXShellScriptBuildPhase section */
		0ACDC8F9E2D60069EC249E96 /* Copy Pods Resources */ = {
			isa = PBXShellScriptBuildPhase;
			buildActionMask = 2147483647;
			files = (
			);
			inputPaths = (
			);
			name = "Copy Pods Resources";
			outputPaths = (
			);
			runOnlyForDeploymentPostprocessing = 0;
			shellPath = /bin/sh;
			shellScript = "\"${SRCROOT}/Pods/Target Support Files/Pods-Tweet-Auth/Pods-Tweet-Auth-resources.sh\"\n";
			showEnvVarsInLog = 0;
		};
		557A546F295F826B1D967E56 /* Embed Pods Frameworks */ = {
			isa = PBXShellScriptBuildPhase;
			buildActionMask = 2147483647;
			files = (
			);
			inputPaths = (
			);
			name = "Embed Pods Frameworks";
			outputPaths = (
			);
			runOnlyForDeploymentPostprocessing = 0;
			shellPath = /bin/sh;
			shellScript = "\"${SRCROOT}/Pods/Target Support Files/Pods-Tweet-Auth/Pods-Tweet-Auth-frameworks.sh\"\n";
			showEnvVarsInLog = 0;
		};
		595597320CF9338D35FB4F13 /* Check Pods Manifest.lock */ = {
			isa = PBXShellScriptBuildPhase;
			buildActionMask = 2147483647;
			files = (
			);
			inputPaths = (
			);
			name = "Check Pods Manifest.lock";
			outputPaths = (
			);
			runOnlyForDeploymentPostprocessing = 0;
			shellPath = /bin/sh;
			shellScript = "diff \"${PODS_ROOT}/../Podfile.lock\" \"${PODS_ROOT}/Manifest.lock\" > /dev/null\nif [[ $? != 0 ]] ; then\n    cat << EOM\nerror: The sandbox is not in sync with the Podfile.lock. Run 'pod install' or update your CocoaPods installation.\nEOM\n    exit 1\nfi\n";
			showEnvVarsInLog = 0;
		};
/* End PBXShellScriptBuildPhase section */

/* Begin PBXSourcesBuildPhase section */
		163BB1EE1C61539D00CB38D6 /* Sources */ = {
			isa = PBXSourcesBuildPhase;
			buildActionMask = 2147483647;
			files = (
				16D7D92D1C61816500C98496 /* User.swift in Sources */,
				16D7D92F1C61817100C98496 /* Tweet.swift in Sources */,
				163BB1F81C61539D00CB38D6 /* ViewController.swift in Sources */,
				16D05C2D1C6155EB00969AEE /* TwitterClient.swift in Sources */,
				163BB1F61C61539D00CB38D6 /* AppDelegate.swift in Sources */,
			);
			runOnlyForDeploymentPostprocessing = 0;
		};
/* End PBXSourcesBuildPhase section */

/* Begin PBXVariantGroup section */
		163BB1F91C61539D00CB38D6 /* Main.storyboard */ = {
			isa = PBXVariantGroup;
			children = (
				163BB1FA1C61539D00CB38D6 /* Base */,
			);
			name = Main.storyboard;
			sourceTree = "<group>";
		};
		163BB1FE1C61539D00CB38D6 /* LaunchScreen.storyboard */ = {
			isa = PBXVariantGroup;
			children = (
				163BB1FF1C61539D00CB38D6 /* Base */,
			);
			name = LaunchScreen.storyboard;
			sourceTree = "<group>";
		};
/* End PBXVariantGroup section */

/* Begin XCBuildConfiguration section */
		163BB2021C61539D00CB38D6 /* Debug */ = {
			isa = XCBuildConfiguration;
			buildSettings = {
				ALWAYS_SEARCH_USER_PATHS = NO;
				CLANG_CXX_LANGUAGE_STANDARD = "gnu++0x";
				CLANG_CXX_LIBRARY = "libc++";
				CLANG_ENABLE_MODULES = YES;
				CLANG_ENABLE_OBJC_ARC = YES;
				CLANG_WARN_BOOL_CONVERSION = YES;
				CLANG_WARN_CONSTANT_CONVERSION = YES;
				CLANG_WARN_DIRECT_OBJC_ISA_USAGE = YES_ERROR;
				CLANG_WARN_EMPTY_BODY = YES;
				CLANG_WARN_ENUM_CONVERSION = YES;
				CLANG_WARN_INT_CONVERSION = YES;
				CLANG_WARN_OBJC_ROOT_CLASS = YES_ERROR;
				CLANG_WARN_UNREACHABLE_CODE = YES;
				CLANG_WARN__DUPLICATE_METHOD_MATCH = YES;
				"CODE_SIGN_IDENTITY[sdk=iphoneos*]" = "iPhone Developer";
				COPY_PHASE_STRIP = NO;
				DEBUG_INFORMATION_FORMAT = dwarf;
				ENABLE_STRICT_OBJC_MSGSEND = YES;
				ENABLE_TESTABILITY = YES;
				GCC_C_LANGUAGE_STANDARD = gnu99;
				GCC_DYNAMIC_NO_PIC = NO;
				GCC_NO_COMMON_BLOCKS = YES;
				GCC_OPTIMIZATION_LEVEL = 0;
				GCC_PREPROCESSOR_DEFINITIONS = (
					"DEBUG=1",
					"$(inherited)",
				);
				GCC_WARN_64_TO_32_BIT_CONVERSION = YES;
				GCC_WARN_ABOUT_RETURN_TYPE = YES_ERROR;
				GCC_WARN_UNDECLARED_SELECTOR = YES;
				GCC_WARN_UNINITIALIZED_AUTOS = YES_AGGRESSIVE;
				GCC_WARN_UNUSED_FUNCTION = YES;
				GCC_WARN_UNUSED_VARIABLE = YES;
				IPHONEOS_DEPLOYMENT_TARGET = 9.2;
				MTL_ENABLE_DEBUG_INFO = YES;
				ONLY_ACTIVE_ARCH = YES;
				SDKROOT = iphoneos;
				SWIFT_OPTIMIZATION_LEVEL = "-Onone";
				TARGETED_DEVICE_FAMILY = "1,2";
			};
			name = Debug;
		};
		163BB2031C61539D00CB38D6 /* Release */ = {
			isa = XCBuildConfiguration;
			buildSettings = {
				ALWAYS_SEARCH_USER_PATHS = NO;
				CLANG_CXX_LANGUAGE_STANDARD = "gnu++0x";
				CLANG_CXX_LIBRARY = "libc++";
				CLANG_ENABLE_MODULES = YES;
				CLANG_ENABLE_OBJC_ARC = YES;
				CLANG_WARN_BOOL_CONVERSION = YES;
				CLANG_WARN_CONSTANT_CONVERSION = YES;
				CLANG_WARN_DIRECT_OBJC_ISA_USAGE = YES_ERROR;
				CLANG_WARN_EMPTY_BODY = YES;
				CLANG_WARN_ENUM_CONVERSION = YES;
				CLANG_WARN_INT_CONVERSION = YES;
				CLANG_WARN_OBJC_ROOT_CLASS = YES_ERROR;
				CLANG_WARN_UNREACHABLE_CODE = YES;
				CLANG_WARN__DUPLICATE_METHOD_MATCH = YES;
				"CODE_SIGN_IDENTITY[sdk=iphoneos*]" = "iPhone Developer";
				COPY_PHASE_STRIP = NO;
				DEBUG_INFORMATION_FORMAT = "dwarf-with-dsym";
				ENABLE_NS_ASSERTIONS = NO;
				ENABLE_STRICT_OBJC_MSGSEND = YES;
				GCC_C_LANGUAGE_STANDARD = gnu99;
				GCC_NO_COMMON_BLOCKS = YES;
				GCC_WARN_64_TO_32_BIT_CONVERSION = YES;
				GCC_WARN_ABOUT_RETURN_TYPE = YES_ERROR;
				GCC_WARN_UNDECLARED_SELECTOR = YES;
				GCC_WARN_UNINITIALIZED_AUTOS = YES_AGGRESSIVE;
				GCC_WARN_UNUSED_FUNCTION = YES;
				GCC_WARN_UNUSED_VARIABLE = YES;
				IPHONEOS_DEPLOYMENT_TARGET = 9.2;
				MTL_ENABLE_DEBUG_INFO = NO;
				SDKROOT = iphoneos;
				TARGETED_DEVICE_FAMILY = "1,2";
				VALIDATE_PRODUCT = YES;
			};
			name = Release;
		};
		163BB2051C61539D00CB38D6 /* Debug */ = {
			isa = XCBuildConfiguration;
			baseConfigurationReference = C47F843BE6E66E000775F56E /* Pods-Tweet-Auth.debug.xcconfig */;
			buildSettings = {
				ASSETCATALOG_COMPILER_APPICON_NAME = AppIcon;
				INFOPLIST_FILE = "Tweet-Auth/Info.plist";
				LD_RUNPATH_SEARCH_PATHS = "$(inherited) @executable_path/Frameworks";
				PRODUCT_BUNDLE_IDENTIFIER = "com.takashiw.Tweet-Auth";
				PRODUCT_NAME = "$(TARGET_NAME)";
			};
			name = Debug;
		};
		163BB2061C61539D00CB38D6 /* Release */ = {
			isa = XCBuildConfiguration;
			baseConfigurationReference = E2ECBB6B6510AAC8A7197AD9 /* Pods-Tweet-Auth.release.xcconfig */;
			buildSettings = {
				ASSETCATALOG_COMPILER_APPICON_NAME = AppIcon;
				INFOPLIST_FILE = "Tweet-Auth/Info.plist";
				LD_RUNPATH_SEARCH_PATHS = "$(inherited) @executable_path/Frameworks";
				PRODUCT_BUNDLE_IDENTIFIER = "com.takashiw.Tweet-Auth";
				PRODUCT_NAME = "$(TARGET_NAME)";
			};
			name = Release;
		};
/* End XCBuildConfiguration section */

/* Begin XCConfigurationList section */
		163BB1ED1C61539D00CB38D6 /* Build configuration list for PBXProject "Tweet-Auth" */ = {
			isa = XCConfigurationList;
			buildConfigurations = (
				163BB2021C61539D00CB38D6 /* Debug */,
				163BB2031C61539D00CB38D6 /* Release */,
			);
			defaultConfigurationIsVisible = 0;
			defaultConfigurationName = Release;
		};
		163BB2041C61539D00CB38D6 /* Build configuration list for PBXNativeTarget "Tweet-Auth" */ = {
			isa = XCConfigurationList;
			buildConfigurations = (
				163BB2051C61539D00CB38D6 /* Debug */,
				163BB2061C61539D00CB38D6 /* Release */,
			);
			defaultConfigurationIsVisible = 0;
			defaultConfigurationName = Release;
		};
/* End XCConfigurationList section */
	};
	rootObject = 163BB1EA1C61539D00CB38D6 /* Project object */;
}
